// !$*UTF8*$!
{
	archiveVersion = 1;
	classes = {
	};
	objectVersion = 56;
	objects = {

/* Begin PBXBuildFile section */
		9356AB7F29AFA7B700B7D132 /* MemoryGame.swift in Sources */ = {isa = PBXBuildFile; fileRef = 9356AB7E29AFA7B700B7D132 /* MemoryGame.swift */; };
		9356AB8329AFAA8D00B7D132 /* EmojiMemoryGame.swift in Sources */ = {isa = PBXBuildFile; fileRef = 9356AB8229AFAA8D00B7D132 /* EmojiMemoryGame.swift */; };
		935812282AD2BE68008C7275 /* AspectVGrid.swift in Sources */ = {isa = PBXBuildFile; fileRef = 935812272AD2BE68008C7275 /* AspectVGrid.swift */; };
		9358DD792B48524B00C46EA0 /* FlyingNumber.swift in Sources */ = {isa = PBXBuildFile; fileRef = 9358DD782B48524B00C46EA0 /* FlyingNumber.swift */; };
		93724FD02B40E2460038F4A5 /* MainMenu.swift in Sources */ = {isa = PBXBuildFile; fileRef = 93724FCF2B40E2460038F4A5 /* MainMenu.swift */; };
		9379733829A5AD3200FE59AF /* MemorizeApp.swift in Sources */ = {isa = PBXBuildFile; fileRef = 9379733729A5AD3200FE59AF /* MemorizeApp.swift */; };
		9379733A29A5AD3200FE59AF /* EmojiMemoryGameView.swift in Sources */ = {isa = PBXBuildFile; fileRef = 9379733929A5AD3200FE59AF /* EmojiMemoryGameView.swift */; };
		9379733C29A5AD3400FE59AF /* Assets.xcassets in Resources */ = {isa = PBXBuildFile; fileRef = 9379733B29A5AD3400FE59AF /* Assets.xcassets */; };
		9379733F29A5AD3400FE59AF /* Preview Assets.xcassets in Resources */ = {isa = PBXBuildFile; fileRef = 9379733E29A5AD3400FE59AF /* Preview Assets.xcassets */; };
		938225C42B410CE10009AD6F /* CustomCellView.swift in Sources */ = {isa = PBXBuildFile; fileRef = 938225C32B410CE10009AD6F /* CustomCellView.swift */; };
		938225C62B4115D40009AD6F /* EditScreen.swift in Sources */ = {isa = PBXBuildFile; fileRef = 938225C52B4115D40009AD6F /* EditScreen.swift */; };
		938604D82B2B498700042561 /* Cardify.swift in Sources */ = {isa = PBXBuildFile; fileRef = 938604D72B2B498700042561 /* Cardify.swift */; };
		93A64E782B22B199009D799A /* Pie.swift in Sources */ = {isa = PBXBuildFile; fileRef = 93A64E772B22B199009D799A /* Pie.swift */; };
		93CCF85F2B55C39400B8CF09 /* README.md in Resources */ = {isa = PBXBuildFile; fileRef = 93CCF85E2B55C39400B8CF09 /* README.md */; };
		93CCF8652B55C4E800B8CF09 /* 3.gif in Resources */ = {isa = PBXBuildFile; fileRef = 93CCF8612B55C4E800B8CF09 /* 3.gif */; };
		93CCF8662B55C4E800B8CF09 /* 4.png in Resources */ = {isa = PBXBuildFile; fileRef = 93CCF8622B55C4E800B8CF09 /* 4.png */; };
		93CCF8672B55C4E800B8CF09 /* 2.png in Resources */ = {isa = PBXBuildFile; fileRef = 93CCF8632B55C4E800B8CF09 /* 2.png */; };
		93CCF8682B55C4E800B8CF09 /* 1.png in Resources */ = {isa = PBXBuildFile; fileRef = 93CCF8642B55C4E800B8CF09 /* 1.png */; };
/* End PBXBuildFile section */

/* Begin PBXFileReference section */
		9356AB7E29AFA7B700B7D132 /* MemoryGame.swift */ = {isa = PBXFileReference; lastKnownFileType = sourcecode.swift; path = MemoryGame.swift; sourceTree = "<group>"; };
		9356AB8229AFAA8D00B7D132 /* EmojiMemoryGame.swift */ = {isa = PBXFileReference; lastKnownFileType = sourcecode.swift; path = EmojiMemoryGame.swift; sourceTree = "<group>"; };
		935812272AD2BE68008C7275 /* AspectVGrid.swift */ = {isa = PBXFileReference; lastKnownFileType = sourcecode.swift; path = AspectVGrid.swift; sourceTree = "<group>"; };
		9358DD782B48524B00C46EA0 /* FlyingNumber.swift */ = {isa = PBXFileReference; lastKnownFileType = sourcecode.swift; path = FlyingNumber.swift; sourceTree = "<group>"; };
		93724FCF2B40E2460038F4A5 /* MainMenu.swift */ = {isa = PBXFileReference; lastKnownFileType = sourcecode.swift; path = MainMenu.swift; sourceTree = "<group>"; };
		9379733429A5AD3200FE59AF /* Memorize.app */ = {isa = PBXFileReference; explicitFileType = wrapper.application; includeInIndex = 0; path = Memorize.app; sourceTree = BUILT_PRODUCTS_DIR; };
		9379733729A5AD3200FE59AF /* MemorizeApp.swift */ = {isa = PBXFileReference; lastKnownFileType = sourcecode.swift; path = MemorizeApp.swift; sourceTree = "<group>"; };
		9379733929A5AD3200FE59AF /* EmojiMemoryGameView.swift */ = {isa = PBXFileReference; lastKnownFileType = sourcecode.swift; path = EmojiMemoryGameView.swift; sourceTree = "<group>"; };
		9379733B29A5AD3400FE59AF /* Assets.xcassets */ = {isa = PBXFileReference; lastKnownFileType = folder.assetcatalog; path = Assets.xcassets; sourceTree = "<group>"; };
		9379733E29A5AD3400FE59AF /* Preview Assets.xcassets */ = {isa = PBXFileReference; lastKnownFileType = folder.assetcatalog; path = "Preview Assets.xcassets"; sourceTree = "<group>"; };
		938225C32B410CE10009AD6F /* CustomCellView.swift */ = {isa = PBXFileReference; lastKnownFileType = sourcecode.swift; path = CustomCellView.swift; sourceTree = "<group>"; };
		938225C52B4115D40009AD6F /* EditScreen.swift */ = {isa = PBXFileReference; lastKnownFileType = sourcecode.swift; path = EditScreen.swift; sourceTree = "<group>"; };
		938604D72B2B498700042561 /* Cardify.swift */ = {isa = PBXFileReference; lastKnownFileType = sourcecode.swift; path = Cardify.swift; sourceTree = "<group>"; };
		93A64E772B22B199009D799A /* Pie.swift */ = {isa = PBXFileReference; lastKnownFileType = sourcecode.swift; path = Pie.swift; sourceTree = "<group>"; };
		93CCF85E2B55C39400B8CF09 /* README.md */ = {isa = PBXFileReference; fileEncoding = 4; lastKnownFileType = net.daringfireball.markdown; path = README.md; sourceTree = "<group>"; };
		93CCF8612B55C4E800B8CF09 /* 3.gif */ = {isa = PBXFileReference; lastKnownFileType = image.gif; path = 3.gif; sourceTree = "<group>"; };
		93CCF8622B55C4E800B8CF09 /* 4.png */ = {isa = PBXFileReference; lastKnownFileType = image.png; path = 4.png; sourceTree = "<group>"; };
		93CCF8632B55C4E800B8CF09 /* 2.png */ = {isa = PBXFileReference; lastKnownFileType = image.png; path = 2.png; sourceTree = "<group>"; };
		93CCF8642B55C4E800B8CF09 /* 1.png */ = {isa = PBXFileReference; lastKnownFileType = image.png; path = 1.png; sourceTree = "<group>"; };
/* End PBXFileReference section */

/* Begin PBXFrameworksBuildPhase section */
		9379733129A5AD3200FE59AF /* Frameworks */ = {
			isa = PBXFrameworksBuildPhase;
			buildActionMask = 2147483647;
			files = (
			);
			runOnlyForDeploymentPostprocessing = 0;
		};
/* End PBXFrameworksBuildPhase section */

/* Begin PBXGroup section */
		9356AB8029AFA7CA00B7D132 /* Model */ = {
			isa = PBXGroup;
			children = (
				9356AB7E29AFA7B700B7D132 /* MemoryGame.swift */,
			);
			path = Model;
			sourceTree = "<group>";
		};
		9356AB8129AFA7D500B7D132 /* View */ = {
			isa = PBXGroup;
			children = (
				9379733929A5AD3200FE59AF /* EmojiMemoryGameView.swift */,
				9358DD782B48524B00C46EA0 /* FlyingNumber.swift */,
				93724FCF2B40E2460038F4A5 /* MainMenu.swift */,
				938225C32B410CE10009AD6F /* CustomCellView.swift */,
				938225C52B4115D40009AD6F /* EditScreen.swift */,
				935812272AD2BE68008C7275 /* AspectVGrid.swift */,
				938604D72B2B498700042561 /* Cardify.swift */,
				93A64E772B22B199009D799A /* Pie.swift */,
			);
			path = View;
			sourceTree = "<group>";
		};
		9356AB8429AFAA9700B7D132 /* ViewModel */ = {
			isa = PBXGroup;
			children = (
				9356AB8229AFAA8D00B7D132 /* EmojiMemoryGame.swift */,
			);
			path = ViewModel;
			sourceTree = "<group>";
		};
		9379732B29A5AD3200FE59AF = {
			isa = PBXGroup;
			children = (
				93CCF8602B55C4E800B8CF09 /* Images */,
				93CCF85E2B55C39400B8CF09 /* README.md */,
				9379733629A5AD3200FE59AF /* Memorize */,
				9379733529A5AD3200FE59AF /* Products */,
			);
			sourceTree = "<group>";
		};
		9379733529A5AD3200FE59AF /* Products */ = {
			isa = PBXGroup;
			children = (
				9379733429A5AD3200FE59AF /* Memorize.app */,
			);
			name = Products;
			sourceTree = "<group>";
		};
		9379733629A5AD3200FE59AF /* Memorize */ = {
			isa = PBXGroup;
			children = (
				9379733729A5AD3200FE59AF /* MemorizeApp.swift */,
				9356AB8029AFA7CA00B7D132 /* Model */,
				9356AB8429AFAA9700B7D132 /* ViewModel */,
				9356AB8129AFA7D500B7D132 /* View */,
				9379733B29A5AD3400FE59AF /* Assets.xcassets */,
				9379733D29A5AD3400FE59AF /* Preview Content */,
			);
			path = Memorize;
			sourceTree = "<group>";
		};
		9379733D29A5AD3400FE59AF /* Preview Content */ = {
			isa = PBXGroup;
			children = (
				9379733E29A5AD3400FE59AF /* Preview Assets.xcassets */,
			);
			path = "Preview Content";
			sourceTree = "<group>";
		};
		93CCF8602B55C4E800B8CF09 /* Images */ = {
			isa = PBXGroup;
			children = (
				93CCF8612B55C4E800B8CF09 /* 3.gif */,
				93CCF8622B55C4E800B8CF09 /* 4.png */,
				93CCF8632B55C4E800B8CF09 /* 2.png */,
				93CCF8642B55C4E800B8CF09 /* 1.png */,
			);
			path = Images;
			sourceTree = "<group>";
		};
/* End PBXGroup section */

/* Begin PBXNativeTarget section */
		9379733329A5AD3200FE59AF /* Memorize */ = {
			isa = PBXNativeTarget;
			buildConfigurationList = 9379734229A5AD3400FE59AF /* Build configuration list for PBXNativeTarget "Memorize" */;
			buildPhases = (
				9379733029A5AD3200FE59AF /* Sources */,
				9379733129A5AD3200FE59AF /* Frameworks */,
				9379733229A5AD3200FE59AF /* Resources */,
			);
			buildRules = (
			);
			dependencies = (
			);
			name = Memorize;
			productName = Memorize;
			productReference = 9379733429A5AD3200FE59AF /* Memorize.app */;
			productType = "com.apple.product-type.application";
		};
/* End PBXNativeTarget section */

/* Begin PBXProject section */
		9379732C29A5AD3200FE59AF /* Project object */ = {
			isa = PBXProject;
			attributes = {
				BuildIndependentTargetsInParallel = 1;
				LastSwiftUpdateCheck = 1410;
				LastUpgradeCheck = 1410;
				TargetAttributes = {
					9379733329A5AD3200FE59AF = {
						CreatedOnToolsVersion = 14.1;
					};
				};
			};
			buildConfigurationList = 9379732F29A5AD3200FE59AF /* Build configuration list for PBXProject "Memorize" */;
			compatibilityVersion = "Xcode 14.0";
			developmentRegion = en;
			hasScannedForEncodings = 0;
			knownRegions = (
				en,
				Base,
			);
			mainGroup = 9379732B29A5AD3200FE59AF;
			productRefGroup = 9379733529A5AD3200FE59AF /* Products */;
			projectDirPath = "";
			projectRoot = "";
			targets = (
				9379733329A5AD3200FE59AF /* Memorize */,
			);
		};
/* End PBXProject section */

/* Begin PBXResourcesBuildPhase section */
		9379733229A5AD3200FE59AF /* Resources */ = {
			isa = PBXResourcesBuildPhase;
			buildActionMask = 2147483647;
			files = (
				93CCF8672B55C4E800B8CF09 /* 2.png in Resources */,
				93CCF8652B55C4E800B8CF09 /* 3.gif in Resources */,
				93CCF85F2B55C39400B8CF09 /* README.md in Resources */,
				9379733F29A5AD3400FE59AF /* Preview Assets.xcassets in Resources */,
				93CCF8662B55C4E800B8CF09 /* 4.png in Resources */,
				9379733C29A5AD3400FE59AF /* Assets.xcassets in Resources */,
				93CCF8682B55C4E800B8CF09 /* 1.png in Resources */,
			);
			runOnlyForDeploymentPostprocessing = 0;
		};
/* End PBXResourcesBuildPhase section */

/* Begin PBXSourcesBuildPhase section */
		9379733029A5AD3200FE59AF /* Sources */ = {
			isa = PBXSourcesBuildPhase;
			buildActionMask = 2147483647;
			files = (
				93A64E782B22B199009D799A /* Pie.swift in Sources */,
				938604D82B2B498700042561 /* Cardify.swift in Sources */,
				9356AB7F29AFA7B700B7D132 /* MemoryGame.swift in Sources */,
				938225C62B4115D40009AD6F /* EditScreen.swift in Sources */,
				93724FD02B40E2460038F4A5 /* MainMenu.swift in Sources */,
				9358DD792B48524B00C46EA0 /* FlyingNumber.swift in Sources */,
				938225C42B410CE10009AD6F /* CustomCellView.swift in Sources */,
				9379733A29A5AD3200FE59AF /* EmojiMemoryGameView.swift in Sources */,
				9379733829A5AD3200FE59AF /* MemorizeApp.swift in Sources */,
				935812282AD2BE68008C7275 /* AspectVGrid.swift in Sources */,
				9356AB8329AFAA8D00B7D132 /* EmojiMemoryGame.swift in Sources */,
			);
			runOnlyForDeploymentPostprocessing = 0;
		};
/* End PBXSourcesBuildPhase section */

/* Begin XCBuildConfiguration section */
		9379734029A5AD3400FE59AF /* Debug */ = {
			isa = XCBuildConfiguration;
			buildSettings = {
				ALWAYS_SEARCH_USER_PATHS = NO;
				CLANG_ANALYZER_NONNULL = YES;
				CLANG_ANALYZER_NUMBER_OBJECT_CONVERSION = YES_AGGRESSIVE;
				CLANG_CXX_LANGUAGE_STANDARD = "gnu++20";
				CLANG_ENABLE_MODULES = YES;
				CLANG_ENABLE_OBJC_ARC = YES;
				CLANG_ENABLE_OBJC_WEAK = YES;
				CLANG_WARN_BLOCK_CAPTURE_AUTORELEASING = YES;
				CLANG_WARN_BOOL_CONVERSION = YES;
				CLANG_WARN_COMMA = YES;
				CLANG_WARN_CONSTANT_CONVERSION = YES;
				CLANG_WARN_DEPRECATED_OBJC_IMPLEMENTATIONS = YES;
				CLANG_WARN_DIRECT_OBJC_ISA_USAGE = YES_ERROR;
				CLANG_WARN_DOCUMENTATION_COMMENTS = YES;
				CLANG_WARN_EMPTY_BODY = YES;
				CLANG_WARN_ENUM_CONVERSION = YES;
				CLANG_WARN_INFINITE_RECURSION = YES;
				CLANG_WARN_INT_CONVERSION = YES;
				CLANG_WARN_NON_LITERAL_NULL_CONVERSION = YES;
				CLANG_WARN_OBJC_IMPLICIT_RETAIN_SELF = YES;
				CLANG_WARN_OBJC_LITERAL_CONVERSION = YES;
				CLANG_WARN_OBJC_ROOT_CLASS = YES_ERROR;
				CLANG_WARN_QUOTED_INCLUDE_IN_FRAMEWORK_HEADER = YES;
				CLANG_WARN_RANGE_LOOP_ANALYSIS = YES;
				CLANG_WARN_STRICT_PROTOTYPES = YES;
				CLANG_WARN_SUSPICIOUS_MOVE = YES;
				CLANG_WARN_UNGUARDED_AVAILABILITY = YES_AGGRESSIVE;
				CLANG_WARN_UNREACHABLE_CODE = YES;
				CLANG_WARN__DUPLICATE_METHOD_MATCH = YES;
				COPY_PHASE_STRIP = NO;
				DEBUG_INFORMATION_FORMAT = dwarf;
				ENABLE_STRICT_OBJC_MSGSEND = YES;
				ENABLE_TESTABILITY = YES;
				GCC_C_LANGUAGE_STANDARD = gnu11;
				GCC_DYNAMIC_NO_PIC = NO;
				GCC_NO_COMMON_BLOCKS = YES;
				GCC_OPTIMIZATION_LEVEL = 0;
				GCC_PREPROCESSOR_DEFINITIONS = (
					"DEBUG=1",
					"$(inherited)",
				);
				GCC_WARN_64_TO_32_BIT_CONVERSION = YES;
				GCC_WARN_ABOUT_RETURN_TYPE = YES_ERROR;
				GCC_WARN_UNDECLARED_SELECTOR = YES;
				GCC_WARN_UNINITIALIZED_AUTOS = YES_AGGRESSIVE;
				GCC_WARN_UNUSED_FUNCTION = YES;
				GCC_WARN_UNUSED_VARIABLE = YES;
				IPHONEOS_DEPLOYMENT_TARGET = 16.1;
				MTL_ENABLE_DEBUG_INFO = INCLUDE_SOURCE;
				MTL_FAST_MATH = YES;
				ONLY_ACTIVE_ARCH = YES;
				SDKROOT = iphoneos;
				SWIFT_ACTIVE_COMPILATION_CONDITIONS = DEBUG;
				SWIFT_OPTIMIZATION_LEVEL = "-Onone";
			};
			name = Debug;
		};
		9379734129A5AD3400FE59AF /* Release */ = {
			isa = XCBuildConfiguration;
			buildSettings = {
				ALWAYS_SEARCH_USER_PATHS = NO;
				CLANG_ANALYZER_NONNULL = YES;
				CLANG_ANALYZER_NUMBER_OBJECT_CONVERSION = YES_AGGRESSIVE;
				CLANG_CXX_LANGUAGE_STANDARD = "gnu++20";
				CLANG_ENABLE_MODULES = YES;
				CLANG_ENABLE_OBJC_ARC = YES;
				CLANG_ENABLE_OBJC_WEAK = YES;
				CLANG_WARN_BLOCK_CAPTURE_AUTORELEASING = YES;
				CLANG_WARN_BOOL_CONVERSION = YES;
				CLANG_WARN_COMMA = YES;
				CLANG_WARN_CONSTANT_CONVERSION = YES;
				CLANG_WARN_DEPRECATED_OBJC_IMPLEMENTATIONS = YES;
				CLANG_WARN_DIRECT_OBJC_ISA_USAGE = YES_ERROR;
				CLANG_WARN_DOCUMENTATION_COMMENTS = YES;
				CLANG_WARN_EMPTY_BODY = YES;
				CLANG_WARN_ENUM_CONVERSION = YES;
				CLANG_WARN_INFINITE_RECURSION = YES;
				CLANG_WARN_INT_CONVERSION = YES;
				CLANG_WARN_NON_LITERAL_NULL_CONVERSION = YES;
				CLANG_WARN_OBJC_IMPLICIT_RETAIN_SELF = YES;
				CLANG_WARN_OBJC_LITERAL_CONVERSION = YES;
				CLANG_WARN_OBJC_ROOT_CLASS = YES_ERROR;
				CLANG_WARN_QUOTED_INCLUDE_IN_FRAMEWORK_HEADER = YES;
				CLANG_WARN_RANGE_LOOP_ANALYSIS = YES;
				CLANG_WARN_STRICT_PROTOTYPES = YES;
				CLANG_WARN_SUSPICIOUS_MOVE = YES;
				CLANG_WARN_UNGUARDED_AVAILABILITY = YES_AGGRESSIVE;
				CLANG_WARN_UNREACHABLE_CODE = YES;
				CLANG_WARN__DUPLICATE_METHOD_MATCH = YES;
				COPY_PHASE_STRIP = NO;
				DEBUG_INFORMATION_FORMAT = "dwarf-with-dsym";
				ENABLE_NS_ASSERTIONS = NO;
				ENABLE_STRICT_OBJC_MSGSEND = YES;
				GCC_C_LANGUAGE_STANDARD = gnu11;
				GCC_NO_COMMON_BLOCKS = YES;
				GCC_WARN_64_TO_32_BIT_CONVERSION = YES;
				GCC_WARN_ABOUT_RETURN_TYPE = YES_ERROR;
				GCC_WARN_UNDECLARED_SELECTOR = YES;
				GCC_WARN_UNINITIALIZED_AUTOS = YES_AGGRESSIVE;
				GCC_WARN_UNUSED_FUNCTION = YES;
				GCC_WARN_UNUSED_VARIABLE = YES;
				IPHONEOS_DEPLOYMENT_TARGET = 16.1;
				MTL_ENABLE_DEBUG_INFO = NO;
				MTL_FAST_MATH = YES;
				SDKROOT = iphoneos;
				SWIFT_COMPILATION_MODE = wholemodule;
				SWIFT_OPTIMIZATION_LEVEL = "-O";
				VALIDATE_PRODUCT = YES;
			};
			name = Release;
		};
		9379734329A5AD3400FE59AF /* Debug */ = {
			isa = XCBuildConfiguration;
			buildSettings = {
				ASSETCATALOG_COMPILER_APPICON_NAME = AppIcon;
				ASSETCATALOG_COMPILER_GLOBAL_ACCENT_COLOR_NAME = AccentColor;
				CODE_SIGN_STYLE = Automatic;
				CURRENT_PROJECT_VERSION = 1;
				DEVELOPMENT_ASSET_PATHS = "\"Memorize/Preview Content\"";
				DEVELOPMENT_TEAM = 63ZB4894ZK;
				ENABLE_PREVIEWS = YES;
				GENERATE_INFOPLIST_FILE = YES;
				INFOPLIST_KEY_UIApplicationSceneManifest_Generation = YES;
				INFOPLIST_KEY_UIApplicationSupportsIndirectInputEvents = YES;
				INFOPLIST_KEY_UILaunchScreen_Generation = YES;
				INFOPLIST_KEY_UISupportedInterfaceOrientations_iPad = "UIInterfaceOrientationPortrait UIInterfaceOrientationPortraitUpsideDown UIInterfaceOrientationLandscapeLeft UIInterfaceOrientationLandscapeRight";
				INFOPLIST_KEY_UISupportedInterfaceOrientations_iPhone = "UIInterfaceOrientationPortrait UIInterfaceOrientationLandscapeLeft UIInterfaceOrientationLandscapeRight";
				LD_RUNPATH_SEARCH_PATHS = (
					"$(inherited)",
					"@executable_path/Frameworks",
				);
				MARKETING_VERSION = 1.0;
				PRODUCT_BUNDLE_IDENTIFIER = com.testapp.Memorize;
				PRODUCT_NAME = "$(TARGET_NAME)";
				SWIFT_EMIT_LOC_STRINGS = YES;
				SWIFT_VERSION = 5.0;
				TARGETED_DEVICE_FAMILY = "1,2";
			};
			name = Debug;
		};
		9379734429A5AD3400FE59AF /* Release */ = {
			isa = XCBuildConfiguration;
			buildSettings = {
				ASSETCATALOG_COMPILER_APPICON_NAME = AppIcon;
				ASSETCATALOG_COMPILER_GLOBAL_ACCENT_COLOR_NAME = AccentColor;
				CODE_SIGN_STYLE = Automatic;
				CURRENT_PROJECT_VERSION = 1;
				DEVELOPMENT_ASSET_PATHS = "\"Memorize/Preview Content\"";
				DEVELOPMENT_TEAM = 63ZB4894ZK;
				ENABLE_PREVIEWS = YES;
				GENERATE_INFOPLIST_FILE = YES;
				INFOPLIST_KEY_UIApplicationSceneManifest_Generation = YES;
				INFOPLIST_KEY_UIApplicationSupportsIndirectInputEvents = YES;
				INFOPLIST_KEY_UILaunchScreen_Generation = YES;
				INFOPLIST_KEY_UISupportedInterfaceOrientations_iPad = "UIInterfaceOrientationPortrait UIInterfaceOrientationPortraitUpsideDown UIInterfaceOrientationLandscapeLeft UIInterfaceOrientationLandscapeRight";
				INFOPLIST_KEY_UISupportedInterfaceOrientations_iPhone = "UIInterfaceOrientationPortrait UIInterfaceOrientationLandscapeLeft UIInterfaceOrientationLandscapeRight";
				LD_RUNPATH_SEARCH_PATHS = (
					"$(inherited)",
					"@executable_path/Frameworks",
				);
				MARKETING_VERSION = 1.0;
				PRODUCT_BUNDLE_IDENTIFIER = com.testapp.Memorize;
				PRODUCT_NAME = "$(TARGET_NAME)";
				SWIFT_EMIT_LOC_STRINGS = YES;
				SWIFT_VERSION = 5.0;
				TARGETED_DEVICE_FAMILY = "1,2";
			};
			name = Release;
		};
/* End XCBuildConfiguration section */

/* Begin XCConfigurationList section */
		9379732F29A5AD3200FE59AF /* Build configuration list for PBXProject "Memorize" */ = {
			isa = XCConfigurationList;
			buildConfigurations = (
				9379734029A5AD3400FE59AF /* Debug */,
				9379734129A5AD3400FE59AF /* Release */,
			);
			defaultConfigurationIsVisible = 0;
			defaultConfigurationName = Release;
		};
		9379734229A5AD3400FE59AF /* Build configuration list for PBXNativeTarget "Memorize" */ = {
			isa = XCConfigurationList;
			buildConfigurations = (
				9379734329A5AD3400FE59AF /* Debug */,
				9379734429A5AD3400FE59AF /* Release */,
			);
			defaultConfigurationIsVisible = 0;
			defaultConfigurationName = Release;
		};
/* End XCConfigurationList section */
	};
	rootObject = 9379732C29A5AD3200FE59AF /* Project object */;
}
